
Microsoft Visual Studio Solution File, Format Version 12.00
# Visual Studio Version 17
VisualStudioVersion = 17.0.31912.275
MinimumVisualStudioVersion = 10.0.40219.1
Project("{FAE04EC0-301F-11D3-BF4B-00C04F79EFBC}") = "BoxerCrabGH", "BoxerCrabGH\BoxerCrabGH.csproj", "{5FCF4351-00D2-4925-AFD0-8BAAF542B32A}"
EndProject
Project("{9A19103F-16F7-4668-BE54-9A1E7A4F7556}") = "SpaceIndex", "SpaceStore\SpaceIndex.csproj", "{9E4D4C3B-F021-4E31-AEFC-993C3B55C7C7}"
EndProject
Project("{FAE04EC0-301F-11D3-BF4B-00C04F79EFBC}") = "SpaceStoreTests", "SpaceStoreTests\SpaceStoreTests.csproj", "{00A1CAC4-7BA4-4D48-878B-DB20EA1CEC24}"
EndProject
Global
	GlobalSection(SolutionConfigurationPlatforms) = preSolution
		Debug|Any CPU = Debug|Any CPU
		Release|Any CPU = Release|Any CPU
	EndGlobalSection
	GlobalSection(ProjectConfigurationPlatforms) = postSolution
		{5FCF4351-00D2-4925-AFD0-8BAAF542B32A}.Debug|Any CPU.ActiveCfg = Debug|Any CPU
		{5FCF4351-00D2-4925-AFD0-8BAAF542B32A}.Debug|Any CPU.Build.0 = Debug|Any CPU
		{5FCF4351-00D2-4925-AFD0-8BAAF542B32A}.Release|Any CPU.ActiveCfg = Release|Any CPU
		{5FCF4351-00D2-4925-AFD0-8BAAF542B32A}.Release|Any CPU.Build.0 = Release|Any CPU
		{9E4D4C3B-F021-4E31-AEFC-993C3B55C7C7}.Debug|Any CPU.ActiveCfg = Debug|Any CPU
		{9E4D4C3B-F021-4E31-AEFC-993C3B55C7C7}.Debug|Any CPU.Build.0 = Debug|Any CPU
		{9E4D4C3B-F021-4E31-AEFC-993C3B55C7C7}.Release|Any CPU.ActiveCfg = Release|Any CPU
		{9E4D4C3B-F021-4E31-AEFC-993C3B55C7C7}.Release|Any CPU.Build.0 = Release|Any CPU
		{00A1CAC4-7BA4-4D48-878B-DB20EA1CEC24}.Debug|Any CPU.ActiveCfg = Debug|Any CPU
		{00A1CAC4-7BA4-4D48-878B-DB20EA1CEC24}.Debug|Any CPU.Build.0 = Debug|Any CPU
		{00A1CAC4-7BA4-4D48-878B-DB20EA1CEC24}.Release|Any CPU.ActiveCfg = Release|Any CPU
		{00A1CAC4-7BA4-4D48-878B-DB20EA1CEC24}.Release|Any CPU.Build.0 = Release|Any CPU
	EndGlobalSection
	GlobalSection(SolutionProperties) = preSolution
		HideSolutionNode = FALSE
	EndGlobalSection
	GlobalSection(ExtensibilityGlobals) = postSolution
		SolutionGuid = {6E812665-E324-4EF5-9FCE-62F59EFA0574}
	EndGlobalSection
EndGlobal
